{
    "_readme": [
        "This file locks the dependencies of your project to a known state",
        "Read more about it at http://getcomposer.org/doc/01-basic-usage.md#composer-lock-the-lock-file"
    ],
    "hash": "6710561434ea90822c7c8b0fc5633bd0",
    "packages": [
        {
            "name": "twig/twig",
            "version": "v1.15.0",
            "source": {
                "type": "git",
                "url": "https://github.com/fabpot/Twig.git",
                "reference": "85e4ff98000157ff753d934b9f13659a953f5666"
            },
            "dist": {
                "type": "zip",
                "url": "https://api.github.com/repos/fabpot/Twig/zipball/85e4ff98000157ff753d934b9f13659a953f5666",
                "reference": "85e4ff98000157ff753d934b9f13659a953f5666",
                "shasum": ""
            },
            "require": {
                "php": ">=5.2.4"
            },
            "type": "library",
            "extra": {
                "branch-alias": {
                    "dev-master": "1.15-dev"
                }
            },
            "autoload": {
                "psr-0": {
                    "Twig_": "lib/"
                }
            },
            "notification-url": "https://packagist.org/downloads/",
            "license": [
                "BSD-3-Clause"
            ],
            "authors": [
                {
                    "name": "Fabien Potencier",
                    "email": "fabien@symfony.com"
                },
                {
                    "name": "Armin Ronacher",
                    "email": "armin.ronacher@active-4.com"
                }
            ],
            "description": "Twig, the flexible, fast, and secure template language for PHP",
            "homepage": "http://twig.sensiolabs.org",
            "keywords": [
                "templating"
            ],
            "time": "2013-12-06 07:47:10"
        }
    ],
    "packages-dev": [
        {
            "name": "zendframework/zend-eventmanager",
            "version": "2.2.5",
            "target-dir": "Zend/EventManager",
            "source": {
                "type": "git",
                "url": "https://github.com/zendframework/Component_ZendEventManager.git",
                "reference": "f325feef4e1a19b873936e5b116980fbe88dd176"
            },
            "dist": {
                "type": "zip",
                "url": "https://api.github.com/repos/zendframework/Component_ZendEventManager/zipball/f325feef4e1a19b873936e5b116980fbe88dd176",
                "reference": "f325feef4e1a19b873936e5b116980fbe88dd176",
                "shasum": ""
            },
            "require": {
                "php": ">=5.3.3",
                "zendframework/zend-stdlib": "self.version"
            },
            "type": "library",
            "extra": {
                "branch-alias": {
                    "dev-master": "2.2-dev",
                    "dev-develop": "2.3-dev"
                }
            },
            "autoload": {
                "psr-0": {
                    "Zend\\EventManager\\": ""
                }
            },
            "notification-url": "https://packagist.org/downloads/",
            "license": [
                "BSD-3-Clause"
            ],
            "keywords": [
                "eventmanager",
                "zf2"
            ],
            "time": "2013-06-12 19:45:10"
        },
        {
            "name": "zendframework/zend-loader",
            "version": "2.2.5",
            "target-dir": "Zend/Loader",
            "source": {
                "type": "git",
                "url": "https://github.com/zendframework/Component_ZendLoader.git",
                "reference": "9e3537a6012dc0b184f66f8668e6c33fd805f0eb"
            },
            "dist": {
                "type": "zip",
                "url": "https://api.github.com/repos/zendframework/Component_ZendLoader/zipball/9e3537a6012dc0b184f66f8668e6c33fd805f0eb",
                "reference": "9e3537a6012dc0b184f66f8668e6c33fd805f0eb",
                "shasum": ""
            },
            "require": {
                "php": ">=5.3.3"
            },
            "type": "library",
            "extra": {
                "branch-alias": {
                    "dev-master": "2.2-dev",
                    "dev-develop": "2.3-dev"
                }
            },
            "autoload": {
                "psr-0": {
                    "Zend\\Loader\\": ""
                }
            },
            "notification-url": "https://packagist.org/downloads/",
            "license": [
                "BSD-3-Clause"
            ],
            "keywords": [
                "loader",
                "zf2"
            ],
            "time": "2013-10-20 06:00:17"
        },
        {
            "name": "zendframework/zend-stdlib",
            "version": "2.2.5",
            "target-dir": "Zend/Stdlib",
            "source": {
                "type": "git",
                "url": "https://github.com/zendframework/Component_ZendStdlib.git",
                "reference": "f440ecfc828d61d620662a03987c8287e1e4801e"
            },
            "dist": {
                "type": "zip",
                "url": "https://api.github.com/repos/zendframework/Component_ZendStdlib/zipball/f440ecfc828d61d620662a03987c8287e1e4801e",
                "reference": "f440ecfc828d61d620662a03987c8287e1e4801e",
                "shasum": ""
            },
            "require": {
                "php": ">=5.3.3"
            },
            "suggest": {
                "zendframework/zend-eventmanager": "To support aggregate hydrator usage",
                "zendframework/zend-servicemanager": "To support hydrator plugin manager usage"
            },
            "type": "library",
            "extra": {
                "branch-alias": {
                    "dev-master": "2.2-dev",
                    "dev-develop": "2.3-dev"
                }
            },
            "autoload": {
                "psr-0": {
                    "Zend\\Stdlib\\": ""
                }
            },
            "notification-url": "https://packagist.org/downloads/",
            "license": [
                "BSD-3-Clause"
            ],
            "keywords": [
                "stdlib",
                "zf2"
            ],
            "time": "2013-10-20 06:00:20"
        },
        {
            "name": "zendframework/zend-view",
            "version": "2.2.5",
            "target-dir": "Zend/View",
            "source": {
                "type": "git",
                "url": "https://github.com/zendframework/Component_ZendView.git",
                "reference": "17379c9a05f8c571f0ca761c48c1b13890462a4f"
            },
            "dist": {
                "type": "zip",
                "url": "https://api.github.com/repos/zendframework/Component_ZendView/zipball/17379c9a05f8c571f0ca761c48c1b13890462a4f",
                "reference": "17379c9a05f8c571f0ca761c48c1b13890462a4f",
                "shasum": ""
            },
            "require": {
                "php": ">=5.3.3",
                "zendframework/zend-eventmanager": "self.version",
                "zendframework/zend-loader": "self.version",
                "zendframework/zend-stdlib": "self.version"
            },
            "suggest": {
                "zendframework/zend-filter": "Zend\\Filter component",
                "zendframework/zend-servicemanager": "2.2.5"
            },
            "type": "library",
            "extra": {
                "branch-alias": {
                    "dev-master": "2.2-dev",
                    "dev-develop": "2.3-dev"
                }
            },
            "autoload": {
                "psr-0": {
                    "Zend\\View\\": ""
                }
            },
            "notification-url": "https://packagist.org/downloads/",
            "license": [
                "BSD-3-Clause"
            ],
            "description": "provides a system of helpers, output filters, and variable escaping",
            "keywords": [
                "view",
                "zf2"
            ],
            "time": "2013-10-20 06:00:23"
        }
    ],
    "aliases": [

    ],
    "minimum-stability": "stable",
    "stability-flags": [

    ],
    "platform": {
        "php": ">=5.3.3"
    },
    "platform-dev": [

    ]
}
